
Microsoft Visual Studio Solution File, Format Version 12.00
# Visual Studio 15
VisualStudioVersion = 15.0.28010.2050
MinimumVisualStudioVersion = 10.0.40219.1
Project("{FAE04EC0-301F-11D3-BF4B-00C04F79EFBC}") = "PredictYourGradeApp.Android", "PredictYourGradeApp\PredictYourGradeApp.Android\PredictYourGradeApp.Android.csproj", "{FB532018-BEBE-4E34-9C56-F19757177ACA}"
EndProject
Project("{FAE04EC0-301F-11D3-BF4B-00C04F79EFBC}") = "PredictYourGradeApp.iOS", "PredictYourGradeApp\PredictYourGradeApp.iOS\PredictYourGradeApp.iOS.csproj", "{58BEC4ED-ED31-4914-A19C-8155176F82E2}"
EndProject
Project("{FAE04EC0-301F-11D3-BF4B-00C04F79EFBC}") = "PredictYourGradeApp.UWP", "PredictYourGradeApp\PredictYourGradeApp.UWP\PredictYourGradeApp.UWP.csproj", "{4B64D5D2-4657-4303-B6D8-CFA499A1E708}"
EndProject
Project("{FAE04EC0-301F-11D3-BF4B-00C04F79EFBC}") = "PredictYourGradeApp", "PredictYourGradeApp\PredictYourGradeApp\PredictYourGradeApp.csproj", "{78B8AE79-8B8D-490A-9E86-7F5DEB8CCB51}"
EndProject
Global
	GlobalSection(SolutionConfigurationPlatforms) = preSolution
		Ad-Hoc|Any CPU = Ad-Hoc|Any CPU
		Ad-Hoc|ARM = Ad-Hoc|ARM
		Ad-Hoc|iPhone = Ad-Hoc|iPhone
		Ad-Hoc|iPhoneSimulator = Ad-Hoc|iPhoneSimulator
		Ad-Hoc|x64 = Ad-Hoc|x64
		Ad-Hoc|x86 = Ad-Hoc|x86
		AppStore|Any CPU = AppStore|Any CPU
		AppStore|ARM = AppStore|ARM
		AppStore|iPhone = AppStore|iPhone
		AppStore|iPhoneSimulator = AppStore|iPhoneSimulator
		AppStore|x64 = AppStore|x64
		AppStore|x86 = AppStore|x86
		Debug|Any CPU = Debug|Any CPU
		Debug|ARM = Debug|ARM
		Debug|iPhone = Debug|iPhone
		Debug|iPhoneSimulator = Debug|iPhoneSimulator
		Debug|x64 = Debug|x64
		Debug|x86 = Debug|x86
		Release|Any CPU = Release|Any CPU
		Release|ARM = Release|ARM
		Release|iPhone = Release|iPhone
		Release|iPhoneSimulator = Release|iPhoneSimulator
		Release|x64 = Release|x64
		Release|x86 = Release|x86
	EndGlobalSection
	GlobalSection(ProjectConfigurationPlatforms) = postSolution
		{FB532018-BEBE-4E34-9C56-F19757177ACA}.Ad-Hoc|Any CPU.ActiveCfg = Release|Any CPU
		{FB532018-BEBE-4E34-9C56-F19757177ACA}.Ad-Hoc|Any CPU.Build.0 = Release|Any CPU
		{FB532018-BEBE-4E34-9C56-F19757177ACA}.Ad-Hoc|Any CPU.Deploy.0 = Release|Any CPU
		{FB532018-BEBE-4E34-9C56-F19757177ACA}.Ad-Hoc|ARM.ActiveCfg = Release|Any CPU
		{FB532018-BEBE-4E34-9C56-F19757177ACA}.Ad-Hoc|ARM.Build.0 = Release|Any CPU
		{FB532018-BEBE-4E34-9C56-F19757177ACA}.Ad-Hoc|ARM.Deploy.0 = Release|Any CPU
		{FB532018-BEBE-4E34-9C56-F19757177ACA}.Ad-Hoc|iPhone.ActiveCfg = Release|Any CPU
		{FB532018-BEBE-4E34-9C56-F19757177ACA}.Ad-Hoc|iPhone.Build.0 = Release|Any CPU
		{FB532018-BEBE-4E34-9C56-F19757177ACA}.Ad-Hoc|iPhone.Deploy.0 = Release|Any CPU
		{FB532018-BEBE-4E34-9C56-F19757177ACA}.Ad-Hoc|iPhoneSimulator.ActiveCfg = Release|Any CPU
		{FB532018-BEBE-4E34-9C56-F19757177ACA}.Ad-Hoc|iPhoneSimulator.Build.0 = Release|Any CPU
		{FB532018-BEBE-4E34-9C56-F19757177ACA}.Ad-Hoc|iPhoneSimulator.Deploy.0 = Release|Any CPU
		{FB532018-BEBE-4E34-9C56-F19757177ACA}.Ad-Hoc|x64.ActiveCfg = Release|Any CPU
		{FB532018-BEBE-4E34-9C56-F19757177ACA}.Ad-Hoc|x64.Build.0 = Release|Any CPU
		{FB532018-BEBE-4E34-9C56-F19757177ACA}.Ad-Hoc|x64.Deploy.0 = Release|Any CPU
		{FB532018-BEBE-4E34-9C56-F19757177ACA}.Ad-Hoc|x86.ActiveCfg = Release|Any CPU
		{FB532018-BEBE-4E34-9C56-F19757177ACA}.Ad-Hoc|x86.Build.0 = Release|Any CPU
		{FB532018-BEBE-4E34-9C56-F19757177ACA}.Ad-Hoc|x86.Deploy.0 = Release|Any CPU
		{FB532018-BEBE-4E34-9C56-F19757177ACA}.AppStore|Any CPU.ActiveCfg = Release|Any CPU
		{FB532018-BEBE-4E34-9C56-F19757177ACA}.AppStore|Any CPU.Build.0 = Release|Any CPU
		{FB532018-BEBE-4E34-9C56-F19757177ACA}.AppStore|Any CPU.Deploy.0 = Release|Any CPU
		{FB532018-BEBE-4E34-9C56-F19757177ACA}.AppStore|ARM.ActiveCfg = Release|Any CPU
		{FB532018-BEBE-4E34-9C56-F19757177ACA}.AppStore|ARM.Build.0 = Release|Any CPU
		{FB532018-BEBE-4E34-9C56-F19757177ACA}.AppStore|ARM.Deploy.0 = Release|Any CPU
		{FB532018-BEBE-4E34-9C56-F19757177ACA}.AppStore|iPhone.ActiveCfg = Release|Any CPU
		{FB532018-BEBE-4E34-9C56-F19757177ACA}.AppStore|iPhone.Build.0 = Release|Any CPU
		{FB532018-BEBE-4E34-9C56-F19757177ACA}.AppStore|iPhone.Deploy.0 = Release|Any CPU
		{FB532018-BEBE-4E34-9C56-F19757177ACA}.AppStore|iPhoneSimulator.ActiveCfg = Release|Any CPU
		{FB532018-BEBE-4E34-9C56-F19757177ACA}.AppStore|iPhoneSimulator.Build.0 = Release|Any CPU
		{FB532018-BEBE-4E34-9C56-F19757177ACA}.AppStore|iPhoneSimulator.Deploy.0 = Release|Any CPU
		{FB532018-BEBE-4E34-9C56-F19757177ACA}.AppStore|x64.ActiveCfg = Release|Any CPU
		{FB532018-BEBE-4E34-9C56-F19757177ACA}.AppStore|x64.Build.0 = Release|Any CPU
		{FB532018-BEBE-4E34-9C56-F19757177ACA}.AppStore|x64.Deploy.0 = Release|Any CPU
		{FB532018-BEBE-4E34-9C56-F19757177ACA}.AppStore|x86.ActiveCfg = Release|Any CPU
		{FB532018-BEBE-4E34-9C56-F19757177ACA}.AppStore|x86.Build.0 = Release|Any CPU
		{FB532018-BEBE-4E34-9C56-F19757177ACA}.AppStore|x86.Deploy.0 = Release|Any CPU
		{FB532018-BEBE-4E34-9C56-F19757177ACA}.Debug|Any CPU.ActiveCfg = Debug|Any CPU
		{FB532018-BEBE-4E34-9C56-F19757177ACA}.Debug|Any CPU.Build.0 = Debug|Any CPU
		{FB532018-BEBE-4E34-9C56-F19757177ACA}.Debug|Any CPU.Deploy.0 = Debug|Any CPU
		{FB532018-BEBE-4E34-9C56-F19757177ACA}.Debug|ARM.ActiveCfg = Debug|Any CPU
		{FB532018-BEBE-4E34-9C56-F19757177ACA}.Debug|ARM.Build.0 = Debug|Any CPU
		{FB532018-BEBE-4E34-9C56-F19757177ACA}.Debug|ARM.Deploy.0 = Debug|Any CPU
		{FB532018-BEBE-4E34-9C56-F19757177ACA}.Debug|iPhone.ActiveCfg = Debug|Any CPU
		{FB532018-BEBE-4E34-9C56-F19757177ACA}.Debug|iPhone.Build.0 = Debug|Any CPU
		{FB532018-BEBE-4E34-9C56-F19757177ACA}.Debug|iPhone.Deploy.0 = Debug|Any CPU
		{FB532018-BEBE-4E34-9C56-F19757177ACA}.Debug|iPhoneSimulator.ActiveCfg = Debug|Any CPU
		{FB532018-BEBE-4E34-9C56-F19757177ACA}.Debug|iPhoneSimulator.Build.0 = Debug|Any CPU
		{FB532018-BEBE-4E34-9C56-F19757177ACA}.Debug|iPhoneSimulator.Deploy.0 = Debug|Any CPU
		{FB532018-BEBE-4E34-9C56-F19757177ACA}.Debug|x64.ActiveCfg = Debug|Any CPU
		{FB532018-BEBE-4E34-9C56-F19757177ACA}.Debug|x64.Build.0 = Debug|Any CPU
		{FB532018-BEBE-4E34-9C56-F19757177ACA}.Debug|x64.Deploy.0 = Debug|Any CPU
		{FB532018-BEBE-4E34-9C56-F19757177ACA}.Debug|x86.ActiveCfg = Debug|Any CPU
		{FB532018-BEBE-4E34-9C56-F19757177ACA}.Debug|x86.Build.0 = Debug|Any CPU
		{FB532018-BEBE-4E34-9C56-F19757177ACA}.Debug|x86.Deploy.0 = Debug|Any CPU
		{FB532018-BEBE-4E34-9C56-F19757177ACA}.Release|Any CPU.ActiveCfg = Release|Any CPU
		{FB532018-BEBE-4E34-9C56-F19757177ACA}.Release|Any CPU.Build.0 = Release|Any CPU
		{FB532018-BEBE-4E34-9C56-F19757177ACA}.Release|Any CPU.Deploy.0 = Release|Any CPU
		{FB532018-BEBE-4E34-9C56-F19757177ACA}.Release|ARM.ActiveCfg = Release|Any CPU
		{FB532018-BEBE-4E34-9C56-F19757177ACA}.Release|ARM.Build.0 = Release|Any CPU
		{FB532018-BEBE-4E34-9C56-F19757177ACA}.Release|ARM.Deploy.0 = Release|Any CPU
		{FB532018-BEBE-4E34-9C56-F19757177ACA}.Release|iPhone.ActiveCfg = Release|Any CPU
		{FB532018-BEBE-4E34-9C56-F19757177ACA}.Release|iPhone.Build.0 = Release|Any CPU
		{FB532018-BEBE-4E34-9C56-F19757177ACA}.Release|iPhone.Deploy.0 = Release|Any CPU
		{FB532018-BEBE-4E34-9C56-F19757177ACA}.Release|iPhoneSimulator.ActiveCfg = Release|Any CPU
		{FB532018-BEBE-4E34-9C56-F19757177ACA}.Release|iPhoneSimulator.Build.0 = Release|Any CPU
		{FB532018-BEBE-4E34-9C56-F19757177ACA}.Release|iPhoneSimulator.Deploy.0 = Release|Any CPU
		{FB532018-BEBE-4E34-9C56-F19757177ACA}.Release|x64.ActiveCfg = Release|Any CPU
		{FB532018-BEBE-4E34-9C56-F19757177ACA}.Release|x64.Build.0 = Release|Any CPU
		{FB532018-BEBE-4E34-9C56-F19757177ACA}.Release|x64.Deploy.0 = Release|Any CPU
		{FB532018-BEBE-4E34-9C56-F19757177ACA}.Release|x86.ActiveCfg = Release|Any CPU
		{FB532018-BEBE-4E34-9C56-F19757177ACA}.Release|x86.Build.0 = Release|Any CPU
		{FB532018-BEBE-4E34-9C56-F19757177ACA}.Release|x86.Deploy.0 = Release|Any CPU
		{58BEC4ED-ED31-4914-A19C-8155176F82E2}.Ad-Hoc|Any CPU.ActiveCfg = Ad-Hoc|iPhone
		{58BEC4ED-ED31-4914-A19C-8155176F82E2}.Ad-Hoc|Any CPU.Build.0 = Ad-Hoc|iPhone
		{58BEC4ED-ED31-4914-A19C-8155176F82E2}.Ad-Hoc|Any CPU.Deploy.0 = Ad-Hoc|iPhone
		{58BEC4ED-ED31-4914-A19C-8155176F82E2}.Ad-Hoc|ARM.ActiveCfg = Ad-Hoc|iPhone
		{58BEC4ED-ED31-4914-A19C-8155176F82E2}.Ad-Hoc|ARM.Build.0 = Ad-Hoc|iPhone
		{58BEC4ED-ED31-4914-A19C-8155176F82E2}.Ad-Hoc|ARM.Deploy.0 = Ad-Hoc|iPhone
		{58BEC4ED-ED31-4914-A19C-8155176F82E2}.Ad-Hoc|iPhone.ActiveCfg = Ad-Hoc|iPhone
		{58BEC4ED-ED31-4914-A19C-8155176F82E2}.Ad-Hoc|iPhone.Build.0 = Ad-Hoc|iPhone
		{58BEC4ED-ED31-4914-A19C-8155176F82E2}.Ad-Hoc|iPhone.Deploy.0 = Ad-Hoc|iPhone
		{58BEC4ED-ED31-4914-A19C-8155176F82E2}.Ad-Hoc|iPhoneSimulator.ActiveCfg = Ad-Hoc|iPhoneSimulator
		{58BEC4ED-ED31-4914-A19C-8155176F82E2}.Ad-Hoc|iPhoneSimulator.Build.0 = Ad-Hoc|iPhoneSimulator
		{58BEC4ED-ED31-4914-A19C-8155176F82E2}.Ad-Hoc|iPhoneSimulator.Deploy.0 = Ad-Hoc|iPhoneSimulator
		{58BEC4ED-ED31-4914-A19C-8155176F82E2}.Ad-Hoc|x64.ActiveCfg = Ad-Hoc|iPhone
		{58BEC4ED-ED31-4914-A19C-8155176F82E2}.Ad-Hoc|x64.Build.0 = Ad-Hoc|iPhone
		{58BEC4ED-ED31-4914-A19C-8155176F82E2}.Ad-Hoc|x64.Deploy.0 = Ad-Hoc|iPhone
		{58BEC4ED-ED31-4914-A19C-8155176F82E2}.Ad-Hoc|x86.ActiveCfg = Ad-Hoc|iPhone
		{58BEC4ED-ED31-4914-A19C-8155176F82E2}.Ad-Hoc|x86.Build.0 = Ad-Hoc|iPhone
		{58BEC4ED-ED31-4914-A19C-8155176F82E2}.Ad-Hoc|x86.Deploy.0 = Ad-Hoc|iPhone
		{58BEC4ED-ED31-4914-A19C-8155176F82E2}.AppStore|Any CPU.ActiveCfg = AppStore|iPhone
		{58BEC4ED-ED31-4914-A19C-8155176F82E2}.AppStore|Any CPU.Build.0 = AppStore|iPhone
		{58BEC4ED-ED31-4914-A19C-8155176F82E2}.AppStore|Any CPU.Deploy.0 = AppStore|iPhone
		{58BEC4ED-ED31-4914-A19C-8155176F82E2}.AppStore|ARM.ActiveCfg = AppStore|iPhone
		{58BEC4ED-ED31-4914-A19C-8155176F82E2}.AppStore|ARM.Build.0 = AppStore|iPhone
		{58BEC4ED-ED31-4914-A19C-8155176F82E2}.AppStore|ARM.Deploy.0 = AppStore|iPhone
		{58BEC4ED-ED31-4914-A19C-8155176F82E2}.AppStore|iPhone.ActiveCfg = AppStore|iPhone
		{58BEC4ED-ED31-4914-A19C-8155176F82E2}.AppStore|iPhone.Build.0 = AppStore|iPhone
		{58BEC4ED-ED31-4914-A19C-8155176F82E2}.AppStore|iPhone.Deploy.0 = AppStore|iPhone
		{58BEC4ED-ED31-4914-A19C-8155176F82E2}.AppStore|iPhoneSimulator.ActiveCfg = AppStore|iPhoneSimulator
		{58BEC4ED-ED31-4914-A19C-8155176F82E2}.AppStore|iPhoneSimulator.Build.0 = AppStore|iPhoneSimulator
		{58BEC4ED-ED31-4914-A19C-8155176F82E2}.AppStore|iPhoneSimulator.Deploy.0 = AppStore|iPhoneSimulator
		{58BEC4ED-ED31-4914-A19C-8155176F82E2}.AppStore|x64.ActiveCfg = AppStore|iPhone
		{58BEC4ED-ED31-4914-A19C-8155176F82E2}.AppStore|x64.Build.0 = AppStore|iPhone
		{58BEC4ED-ED31-4914-A19C-8155176F82E2}.AppStore|x64.Deploy.0 = AppStore|iPhone
		{58BEC4ED-ED31-4914-A19C-8155176F82E2}.AppStore|x86.ActiveCfg = AppStore|iPhone
		{58BEC4ED-ED31-4914-A19C-8155176F82E2}.AppStore|x86.Build.0 = AppStore|iPhone
		{58BEC4ED-ED31-4914-A19C-8155176F82E2}.AppStore|x86.Deploy.0 = AppStore|iPhone
		{58BEC4ED-ED31-4914-A19C-8155176F82E2}.Debug|Any CPU.ActiveCfg = Debug|iPhoneSimulator
		{58BEC4ED-ED31-4914-A19C-8155176F82E2}.Debug|Any CPU.Build.0 = Debug|iPhoneSimulator
		{58BEC4ED-ED31-4914-A19C-8155176F82E2}.Debug|Any CPU.Deploy.0 = Debug|iPhoneSimulator
		{58BEC4ED-ED31-4914-A19C-8155176F82E2}.Debug|ARM.ActiveCfg = Debug|iPhone
		{58BEC4ED-ED31-4914-A19C-8155176F82E2}.Debug|ARM.Build.0 = Debug|iPhone
		{58BEC4ED-ED31-4914-A19C-8155176F82E2}.Debug|ARM.Deploy.0 = Debug|iPhone
		{58BEC4ED-ED31-4914-A19C-8155176F82E2}.Debug|iPhone.ActiveCfg = Debug|iPhone
		{58BEC4ED-ED31-4914-A19C-8155176F82E2}.Debug|iPhone.Build.0 = Debug|iPhone
		{58BEC4ED-ED31-4914-A19C-8155176F82E2}.Debug|iPhone.Deploy.0 = Debug|iPhone
		{58BEC4ED-ED31-4914-A19C-8155176F82E2}.Debug|iPhoneSimulator.ActiveCfg = Debug|iPhoneSimulator
		{58BEC4ED-ED31-4914-A19C-8155176F82E2}.Debug|iPhoneSimulator.Build.0 = Debug|iPhoneSimulator
		{58BEC4ED-ED31-4914-A19C-8155176F82E2}.Debug|iPhoneSimulator.Deploy.0 = Debug|iPhoneSimulator
		{58BEC4ED-ED31-4914-A19C-8155176F82E2}.Debug|x64.ActiveCfg = Debug|iPhone
		{58BEC4ED-ED31-4914-A19C-8155176F82E2}.Debug|x64.Build.0 = Debug|iPhone
		{58BEC4ED-ED31-4914-A19C-8155176F82E2}.Debug|x64.Deploy.0 = Debug|iPhone
		{58BEC4ED-ED31-4914-A19C-8155176F82E2}.Debug|x86.ActiveCfg = Debug|iPhone
		{58BEC4ED-ED31-4914-A19C-8155176F82E2}.Debug|x86.Build.0 = Debug|iPhone
		{58BEC4ED-ED31-4914-A19C-8155176F82E2}.Debug|x86.Deploy.0 = Debug|iPhone
		{58BEC4ED-ED31-4914-A19C-8155176F82E2}.Release|Any CPU.ActiveCfg = Release|iPhone
		{58BEC4ED-ED31-4914-A19C-8155176F82E2}.Release|Any CPU.Build.0 = Release|iPhone
		{58BEC4ED-ED31-4914-A19C-8155176F82E2}.Release|Any CPU.Deploy.0 = Release|iPhone
		{58BEC4ED-ED31-4914-A19C-8155176F82E2}.Release|ARM.ActiveCfg = Release|iPhone
		{58BEC4ED-ED31-4914-A19C-8155176F82E2}.Release|ARM.Build.0 = Release|iPhone
		{58BEC4ED-ED31-4914-A19C-8155176F82E2}.Release|ARM.Deploy.0 = Release|iPhone
		{58BEC4ED-ED31-4914-A19C-8155176F82E2}.Release|iPhone.ActiveCfg = Release|iPhone
		{58BEC4ED-ED31-4914-A19C-8155176F82E2}.Release|iPhone.Build.0 = Release|iPhone
		{58BEC4ED-ED31-4914-A19C-8155176F82E2}.Release|iPhone.Deploy.0 = Release|iPhone
		{58BEC4ED-ED31-4914-A19C-8155176F82E2}.Release|iPhoneSimulator.ActiveCfg = Release|iPhoneSimulator
		{58BEC4ED-ED31-4914-A19C-8155176F82E2}.Release|iPhoneSimulator.Build.0 = Release|iPhoneSimulator
		{58BEC4ED-ED31-4914-A19C-8155176F82E2}.Release|iPhoneSimulator.Deploy.0 = Release|iPhoneSimulator
		{58BEC4ED-ED31-4914-A19C-8155176F82E2}.Release|x64.ActiveCfg = Release|iPhone
		{58BEC4ED-ED31-4914-A19C-8155176F82E2}.Release|x64.Build.0 = Release|iPhone
		{58BEC4ED-ED31-4914-A19C-8155176F82E2}.Release|x64.Deploy.0 = Release|iPhone
		{58BEC4ED-ED31-4914-A19C-8155176F82E2}.Release|x86.ActiveCfg = Release|iPhone
		{58BEC4ED-ED31-4914-A19C-8155176F82E2}.Release|x86.Build.0 = Release|iPhone
		{58BEC4ED-ED31-4914-A19C-8155176F82E2}.Release|x86.Deploy.0 = Release|iPhone
		{4B64D5D2-4657-4303-B6D8-CFA499A1E708}.Ad-Hoc|Any CPU.ActiveCfg = Release|x86
		{4B64D5D2-4657-4303-B6D8-CFA499A1E708}.Ad-Hoc|Any CPU.Build.0 = Release|x86
		{4B64D5D2-4657-4303-B6D8-CFA499A1E708}.Ad-Hoc|Any CPU.Deploy.0 = Release|x86
		{4B64D5D2-4657-4303-B6D8-CFA499A1E708}.Ad-Hoc|ARM.ActiveCfg = Release|ARM
		{4B64D5D2-4657-4303-B6D8-CFA499A1E708}.Ad-Hoc|ARM.Build.0 = Release|ARM
		{4B64D5D2-4657-4303-B6D8-CFA499A1E708}.Ad-Hoc|ARM.Deploy.0 = Release|ARM
		{4B64D5D2-4657-4303-B6D8-CFA499A1E708}.Ad-Hoc|iPhone.ActiveCfg = Release|x86
		{4B64D5D2-4657-4303-B6D8-CFA499A1E708}.Ad-Hoc|iPhone.Build.0 = Release|x86
		{4B64D5D2-4657-4303-B6D8-CFA499A1E708}.Ad-Hoc|iPhone.Deploy.0 = Release|x86
		{4B64D5D2-4657-4303-B6D8-CFA499A1E708}.Ad-Hoc|iPhoneSimulator.ActiveCfg = Release|x86
		{4B64D5D2-4657-4303-B6D8-CFA499A1E708}.Ad-Hoc|iPhoneSimulator.Build.0 = Release|x86
		{4B64D5D2-4657-4303-B6D8-CFA499A1E708}.Ad-Hoc|iPhoneSimulator.Deploy.0 = Release|x86
		{4B64D5D2-4657-4303-B6D8-CFA499A1E708}.Ad-Hoc|x64.ActiveCfg = Release|x64
		{4B64D5D2-4657-4303-B6D8-CFA499A1E708}.Ad-Hoc|x64.Build.0 = Release|x64
		{4B64D5D2-4657-4303-B6D8-CFA499A1E708}.Ad-Hoc|x64.Deploy.0 = Release|x64
		{4B64D5D2-4657-4303-B6D8-CFA499A1E708}.Ad-Hoc|x86.ActiveCfg = Release|x86
		{4B64D5D2-4657-4303-B6D8-CFA499A1E708}.Ad-Hoc|x86.Build.0 = Release|x86
		{4B64D5D2-4657-4303-B6D8-CFA499A1E708}.Ad-Hoc|x86.Deploy.0 = Release|x86
		{4B64D5D2-4657-4303-B6D8-CFA499A1E708}.AppStore|Any CPU.ActiveCfg = Release|x86
		{4B64D5D2-4657-4303-B6D8-CFA499A1E708}.AppStore|Any CPU.Build.0 = Release|x86
		{4B64D5D2-4657-4303-B6D8-CFA499A1E708}.AppStore|Any CPU.Deploy.0 = Release|x86
		{4B64D5D2-4657-4303-B6D8-CFA499A1E708}.AppStore|ARM.ActiveCfg = Release|ARM
		{4B64D5D2-4657-4303-B6D8-CFA499A1E708}.AppStore|ARM.Build.0 = Release|ARM
		{4B64D5D2-4657-4303-B6D8-CFA499A1E708}.AppStore|ARM.Deploy.0 = Release|ARM
		{4B64D5D2-4657-4303-B6D8-CFA499A1E708}.AppStore|iPhone.ActiveCfg = Release|x86
		{4B64D5D2-4657-4303-B6D8-CFA499A1E708}.AppStore|iPhone.Build.0 = Release|x86
		{4B64D5D2-4657-4303-B6D8-CFA499A1E708}.AppStore|iPhone.Deploy.0 = Release|x86
		{4B64D5D2-4657-4303-B6D8-CFA499A1E708}.AppStore|iPhoneSimulator.ActiveCfg = Release|x86
		{4B64D5D2-4657-4303-B6D8-CFA499A1E708}.AppStore|iPhoneSimulator.Build.0 = Release|x86
		{4B64D5D2-4657-4303-B6D8-CFA499A1E708}.AppStore|iPhoneSimulator.Deploy.0 = Release|x86
		{4B64D5D2-4657-4303-B6D8-CFA499A1E708}.AppStore|x64.ActiveCfg = Release|x64
		{4B64D5D2-4657-4303-B6D8-CFA499A1E708}.AppStore|x64.Build.0 = Release|x64
		{4B64D5D2-4657-4303-B6D8-CFA499A1E708}.AppStore|x64.Deploy.0 = Release|x64
		{4B64D5D2-4657-4303-B6D8-CFA499A1E708}.AppStore|x86.ActiveCfg = Release|x86
		{4B64D5D2-4657-4303-B6D8-CFA499A1E708}.AppStore|x86.Build.0 = Release|x86
		{4B64D5D2-4657-4303-B6D8-CFA499A1E708}.AppStore|x86.Deploy.0 = Release|x86
		{4B64D5D2-4657-4303-B6D8-CFA499A1E708}.Debug|Any CPU.ActiveCfg = Debug|x86
		{4B64D5D2-4657-4303-B6D8-CFA499A1E708}.Debug|Any CPU.Build.0 = Debug|x86
		{4B64D5D2-4657-4303-B6D8-CFA499A1E708}.Debug|Any CPU.Deploy.0 = Debug|x86
		{4B64D5D2-4657-4303-B6D8-CFA499A1E708}.Debug|ARM.ActiveCfg = Debug|ARM
		{4B64D5D2-4657-4303-B6D8-CFA499A1E708}.Debug|ARM.Build.0 = Debug|ARM
		{4B64D5D2-4657-4303-B6D8-CFA499A1E708}.Debug|ARM.Deploy.0 = Debug|ARM
		{4B64D5D2-4657-4303-B6D8-CFA499A1E708}.Debug|iPhone.ActiveCfg = Debug|x86
		{4B64D5D2-4657-4303-B6D8-CFA499A1E708}.Debug|iPhone.Build.0 = Debug|x86
		{4B64D5D2-4657-4303-B6D8-CFA499A1E708}.Debug|iPhone.Deploy.0 = Debug|x86
		{4B64D5D2-4657-4303-B6D8-CFA499A1E708}.Debug|iPhoneSimulator.ActiveCfg = Debug|x86
		{4B64D5D2-4657-4303-B6D8-CFA499A1E708}.Debug|iPhoneSimulator.Build.0 = Debug|x86
		{4B64D5D2-4657-4303-B6D8-CFA499A1E708}.Debug|iPhoneSimulator.Deploy.0 = Debug|x86
		{4B64D5D2-4657-4303-B6D8-CFA499A1E708}.Debug|x64.ActiveCfg = Debug|x64
		{4B64D5D2-4657-4303-B6D8-CFA499A1E708}.Debug|x64.Build.0 = Debug|x64
		{4B64D5D2-4657-4303-B6D8-CFA499A1E708}.Debug|x64.Deploy.0 = Debug|x64
		{4B64D5D2-4657-4303-B6D8-CFA499A1E708}.Debug|x86.ActiveCfg = Debug|x86
		{4B64D5D2-4657-4303-B6D8-CFA499A1E708}.Debug|x86.Build.0 = Debug|x86
		{4B64D5D2-4657-4303-B6D8-CFA499A1E708}.Debug|x86.Deploy.0 = Debug|x86
		{4B64D5D2-4657-4303-B6D8-CFA499A1E708}.Release|Any CPU.ActiveCfg = Release|x86
		{4B64D5D2-4657-4303-B6D8-CFA499A1E708}.Release|Any CPU.Build.0 = Release|x86
		{4B64D5D2-4657-4303-B6D8-CFA499A1E708}.Release|Any CPU.Deploy.0 = Release|x86
		{4B64D5D2-4657-4303-B6D8-CFA499A1E708}.Release|ARM.ActiveCfg = Release|ARM
		{4B64D5D2-4657-4303-B6D8-CFA499A1E708}.Release|ARM.Build.0 = Release|ARM
		{4B64D5D2-4657-4303-B6D8-CFA499A1E708}.Release|ARM.Deploy.0 = Release|ARM
		{4B64D5D2-4657-4303-B6D8-CFA499A1E708}.Release|iPhone.ActiveCfg = Release|x86
		{4B64D5D2-4657-4303-B6D8-CFA499A1E708}.Release|iPhone.Build.0 = Release|x86
		{4B64D5D2-4657-4303-B6D8-CFA499A1E708}.Release|iPhone.Deploy.0 = Release|x86
		{4B64D5D2-4657-4303-B6D8-CFA499A1E708}.Release|iPhoneSimulator.ActiveCfg = Release|x86
		{4B64D5D2-4657-4303-B6D8-CFA499A1E708}.Release|iPhoneSimulator.Build.0 = Release|x86
		{4B64D5D2-4657-4303-B6D8-CFA499A1E708}.Release|iPhoneSimulator.Deploy.0 = Release|x86
		{4B64D5D2-4657-4303-B6D8-CFA499A1E708}.Release|x64.ActiveCfg = Release|x64
		{4B64D5D2-4657-4303-B6D8-CFA499A1E708}.Release|x64.Build.0 = Release|x64
		{4B64D5D2-4657-4303-B6D8-CFA499A1E708}.Release|x64.Deploy.0 = Release|x64
		{4B64D5D2-4657-4303-B6D8-CFA499A1E708}.Release|x86.ActiveCfg = Release|x86
		{4B64D5D2-4657-4303-B6D8-CFA499A1E708}.Release|x86.Build.0 = Release|x86
		{4B64D5D2-4657-4303-B6D8-CFA499A1E708}.Release|x86.Deploy.0 = Release|x86
		{78B8AE79-8B8D-490A-9E86-7F5DEB8CCB51}.Ad-Hoc|Any CPU.ActiveCfg = Debug|Any CPU
		{78B8AE79-8B8D-490A-9E86-7F5DEB8CCB51}.Ad-Hoc|Any CPU.Build.0 = Debug|Any CPU
		{78B8AE79-8B8D-490A-9E86-7F5DEB8CCB51}.Ad-Hoc|Any CPU.Deploy.0 = Debug|Any CPU
		{78B8AE79-8B8D-490A-9E86-7F5DEB8CCB51}.Ad-Hoc|ARM.ActiveCfg = Debug|Any CPU
		{78B8AE79-8B8D-490A-9E86-7F5DEB8CCB51}.Ad-Hoc|ARM.Build.0 = Debug|Any CPU
		{78B8AE79-8B8D-490A-9E86-7F5DEB8CCB51}.Ad-Hoc|ARM.Deploy.0 = Debug|Any CPU
		{78B8AE79-8B8D-490A-9E86-7F5DEB8CCB51}.Ad-Hoc|iPhone.ActiveCfg = Debug|Any CPU
		{78B8AE79-8B8D-490A-9E86-7F5DEB8CCB51}.Ad-Hoc|iPhone.Build.0 = Debug|Any CPU
		{78B8AE79-8B8D-490A-9E86-7F5DEB8CCB51}.Ad-Hoc|iPhone.Deploy.0 = Debug|Any CPU
		{78B8AE79-8B8D-490A-9E86-7F5DEB8CCB51}.Ad-Hoc|iPhoneSimulator.ActiveCfg = Debug|Any CPU
		{78B8AE79-8B8D-490A-9E86-7F5DEB8CCB51}.Ad-Hoc|iPhoneSimulator.Build.0 = Debug|Any CPU
		{78B8AE79-8B8D-490A-9E86-7F5DEB8CCB51}.Ad-Hoc|iPhoneSimulator.Deploy.0 = Debug|Any CPU
		{78B8AE79-8B8D-490A-9E86-7F5DEB8CCB51}.Ad-Hoc|x64.ActiveCfg = Debug|Any CPU
		{78B8AE79-8B8D-490A-9E86-7F5DEB8CCB51}.Ad-Hoc|x64.Build.0 = Debug|Any CPU
		{78B8AE79-8B8D-490A-9E86-7F5DEB8CCB51}.Ad-Hoc|x64.Deploy.0 = Debug|Any CPU
		{78B8AE79-8B8D-490A-9E86-7F5DEB8CCB51}.Ad-Hoc|x86.ActiveCfg = Debug|Any CPU
		{78B8AE79-8B8D-490A-9E86-7F5DEB8CCB51}.Ad-Hoc|x86.Build.0 = Debug|Any CPU
		{78B8AE79-8B8D-490A-9E86-7F5DEB8CCB51}.Ad-Hoc|x86.Deploy.0 = Debug|Any CPU
		{78B8AE79-8B8D-490A-9E86-7F5DEB8CCB51}.AppStore|Any CPU.ActiveCfg = Debug|Any CPU
		{78B8AE79-8B8D-490A-9E86-7F5DEB8CCB51}.AppStore|Any CPU.Build.0 = Debug|Any CPU
		{78B8AE79-8B8D-490A-9E86-7F5DEB8CCB51}.AppStore|Any CPU.Deploy.0 = Debug|Any CPU
		{78B8AE79-8B8D-490A-9E86-7F5DEB8CCB51}.AppStore|ARM.ActiveCfg = Debug|Any CPU
		{78B8AE79-8B8D-490A-9E86-7F5DEB8CCB51}.AppStore|ARM.Build.0 = Debug|Any CPU
		{78B8AE79-8B8D-490A-9E86-7F5DEB8CCB51}.AppStore|ARM.Deploy.0 = Debug|Any CPU
		{78B8AE79-8B8D-490A-9E86-7F5DEB8CCB51}.AppStore|iPhone.ActiveCfg = Debug|Any CPU
		{78B8AE79-8B8D-490A-9E86-7F5DEB8CCB51}.AppStore|iPhone.Build.0 = Debug|Any CPU
		{78B8AE79-8B8D-490A-9E86-7F5DEB8CCB51}.AppStore|iPhone.Deploy.0 = Debug|Any CPU
		{78B8AE79-8B8D-490A-9E86-7F5DEB8CCB51}.AppStore|iPhoneSimulator.ActiveCfg = Debug|Any CPU
		{78B8AE79-8B8D-490A-9E86-7F5DEB8CCB51}.AppStore|iPhoneSimulator.Build.0 = Debug|Any CPU
		{78B8AE79-8B8D-490A-9E86-7F5DEB8CCB51}.AppStore|iPhoneSimulator.Deploy.0 = Debug|Any CPU
		{78B8AE79-8B8D-490A-9E86-7F5DEB8CCB51}.AppStore|x64.ActiveCfg = Debug|Any CPU
		{78B8AE79-8B8D-490A-9E86-7F5DEB8CCB51}.AppStore|x64.Build.0 = Debug|Any CPU
		{78B8AE79-8B8D-490A-9E86-7F5DEB8CCB51}.AppStore|x64.Deploy.0 = Debug|Any CPU
		{78B8AE79-8B8D-490A-9E86-7F5DEB8CCB51}.AppStore|x86.ActiveCfg = Debug|Any CPU
		{78B8AE79-8B8D-490A-9E86-7F5DEB8CCB51}.AppStore|x86.Build.0 = Debug|Any CPU
		{78B8AE79-8B8D-490A-9E86-7F5DEB8CCB51}.AppStore|x86.Deploy.0 = Debug|Any CPU
		{78B8AE79-8B8D-490A-9E86-7F5DEB8CCB51}.Debug|Any CPU.ActiveCfg = Debug|Any CPU
		{78B8AE79-8B8D-490A-9E86-7F5DEB8CCB51}.Debug|Any CPU.Build.0 = Debug|Any CPU
		{78B8AE79-8B8D-490A-9E86-7F5DEB8CCB51}.Debug|Any CPU.Deploy.0 = Debug|Any CPU
		{78B8AE79-8B8D-490A-9E86-7F5DEB8CCB51}.Debug|ARM.ActiveCfg = Debug|Any CPU
		{78B8AE79-8B8D-490A-9E86-7F5DEB8CCB51}.Debug|ARM.Build.0 = Debug|Any CPU
		{78B8AE79-8B8D-490A-9E86-7F5DEB8CCB51}.Debug|ARM.Deploy.0 = Debug|Any CPU
		{78B8AE79-8B8D-490A-9E86-7F5DEB8CCB51}.Debug|iPhone.ActiveCfg = Debug|Any CPU
		{78B8AE79-8B8D-490A-9E86-7F5DEB8CCB51}.Debug|iPhone.Build.0 = Debug|Any CPU
		{78B8AE79-8B8D-490A-9E86-7F5DEB8CCB51}.Debug|iPhone.Deploy.0 = Debug|Any CPU
		{78B8AE79-8B8D-490A-9E86-7F5DEB8CCB51}.Debug|iPhoneSimulator.ActiveCfg = Debug|Any CPU
		{78B8AE79-8B8D-490A-9E86-7F5DEB8CCB51}.Debug|iPhoneSimulator.Build.0 = Debug|Any CPU
		{78B8AE79-8B8D-490A-9E86-7F5DEB8CCB51}.Debug|iPhoneSimulator.Deploy.0 = Debug|Any CPU
		{78B8AE79-8B8D-490A-9E86-7F5DEB8CCB51}.Debug|x64.ActiveCfg = Debug|Any CPU
		{78B8AE79-8B8D-490A-9E86-7F5DEB8CCB51}.Debug|x64.Build.0 = Debug|Any CPU
		{78B8AE79-8B8D-490A-9E86-7F5DEB8CCB51}.Debug|x64.Deploy.0 = Debug|Any CPU
		{78B8AE79-8B8D-490A-9E86-7F5DEB8CCB51}.Debug|x86.ActiveCfg = Debug|Any CPU
		{78B8AE79-8B8D-490A-9E86-7F5DEB8CCB51}.Debug|x86.Build.0 = Debug|Any CPU
		{78B8AE79-8B8D-490A-9E86-7F5DEB8CCB51}.Debug|x86.Deploy.0 = Debug|Any CPU
		{78B8AE79-8B8D-490A-9E86-7F5DEB8CCB51}.Release|Any CPU.ActiveCfg = Release|Any CPU
		{78B8AE79-8B8D-490A-9E86-7F5DEB8CCB51}.Release|Any CPU.Build.0 = Release|Any CPU
		{78B8AE79-8B8D-490A-9E86-7F5DEB8CCB51}.Release|Any CPU.Deploy.0 = Release|Any CPU
		{78B8AE79-8B8D-490A-9E86-7F5DEB8CCB51}.Release|ARM.ActiveCfg = Release|Any CPU
		{78B8AE79-8B8D-490A-9E86-7F5DEB8CCB51}.Release|ARM.Build.0 = Release|Any CPU
		{78B8AE79-8B8D-490A-9E86-7F5DEB8CCB51}.Release|ARM.Deploy.0 = Release|Any CPU
		{78B8AE79-8B8D-490A-9E86-7F5DEB8CCB51}.Release|iPhone.ActiveCfg = Release|Any CPU
		{78B8AE79-8B8D-490A-9E86-7F5DEB8CCB51}.Release|iPhone.Build.0 = Release|Any CPU
		{78B8AE79-8B8D-490A-9E86-7F5DEB8CCB51}.Release|iPhone.Deploy.0 = Release|Any CPU
		{78B8AE79-8B8D-490A-9E86-7F5DEB8CCB51}.Release|iPhoneSimulator.ActiveCfg = Release|Any CPU
		{78B8AE79-8B8D-490A-9E86-7F5DEB8CCB51}.Release|iPhoneSimulator.Build.0 = Release|Any CPU
		{78B8AE79-8B8D-490A-9E86-7F5DEB8CCB51}.Release|iPhoneSimulator.Deploy.0 = Release|Any CPU
		{78B8AE79-8B8D-490A-9E86-7F5DEB8CCB51}.Release|x64.ActiveCfg = Release|Any CPU
		{78B8AE79-8B8D-490A-9E86-7F5DEB8CCB51}.Release|x64.Build.0 = Release|Any CPU
		{78B8AE79-8B8D-490A-9E86-7F5DEB8CCB51}.Release|x64.Deploy.0 = Release|Any CPU
		{78B8AE79-8B8D-490A-9E86-7F5DEB8CCB51}.Release|x86.ActiveCfg = Release|Any CPU
		{78B8AE79-8B8D-490A-9E86-7F5DEB8CCB51}.Release|x86.Build.0 = Release|Any CPU
		{78B8AE79-8B8D-490A-9E86-7F5DEB8CCB51}.Release|x86.Deploy.0 = Release|Any CPU
	EndGlobalSection
	GlobalSection(SolutionProperties) = preSolution
		HideSolutionNode = FALSE
	EndGlobalSection
	GlobalSection(ExtensibilityGlobals) = postSolution
		SolutionGuid = {F75D2C5B-CAAD-4B20-BD22-768DBF0A55A2}
	EndGlobalSection
EndGlobal
